
Microsoft Visual Studio Solution File, Format Version 11.00
# Visual Studio 2010
Project("{F184B08F-C81C-45F6-A57F-5ABD9991F28F}") = "NetToCOM", "NetToCOM\NetToCOM.vbproj", "{F84A459A-7E09-4A7B-9766-362CFD68F3A6}"
EndProject
Global
	GlobalSection(SolutionConfigurationPlatforms) = preSolution
		Debug|Any CPU = Debug|Any CPU
		Release|Any CPU = Release|Any CPU
	EndGlobalSection
	GlobalSection(ProjectConfigurationPlatforms) = postSolution
		{F84A459A-7E09-4A7B-9766-362CFD68F3A6}.Debug|Any CPU.ActiveCfg = Debug|Any CPU
		{F84A459A-7E09-4A7B-9766-362CFD68F3A6}.Debug|Any CPU.Build.0 = Debug|Any CPU
		{F84A459A-7E09-4A7B-9766-362CFD68F3A6}.Release|Any CPU.ActiveCfg = Release|Any CPU
		{F84A459A-7E09-4A7B-9766-362CFD68F3A6}.Release|Any CPU.Build.0 = Release|Any CPU
	EndGlobalSection
	GlobalSection(SolutionProperties) = preSolution
		HideSolutionNode = FALSE
	EndGlobalSection
EndGlobal
